{
  "version": 1,
  "dependencies": {
    "net9.0": {
      "CalqFramework.Cmd": {
        "type": "Direct",
        "requested": "[0.36.0, )",
        "resolved": "0.36.0",
        "contentHash": "K726RPFMQU3yQohW6oqRmpDwSVNOcu53wRswtkjazWcEflAf49YC0ZbGNnO88cN4pwC6Uz7f/6oKSbq5MJqR8g=="
      },
      "Microsoft.SourceLink.GitHub": {
        "type": "Direct",
        "requested": "[8.0.0, )",
        "resolved": "8.0.0",
        "contentHash": "G5q7OqtwIyGTkeIOAc3u2ZuV/kicQaec5EaRnc0pIeSnh9LUjj+PYQrJYBURvDt7twGl2PKA7nSN0kz1Zw5bnQ==",
        "dependencies": {
          "Microsoft.Build.Tasks.Git": "8.0.0",
          "Microsoft.SourceLink.Common": "8.0.0"
        }
      },
      "System.Reflection.MetadataLoadContext": {
        "type": "Direct",
        "requested": "[10.0.5, )",
        "resolved": "10.0.5",
        "contentHash": "z9yyFZcuCwtZXrxxDc2nBfB5lTHf96gS/rsD38Lcv6Ok25TOYPjNKlqpTZUqu2HTLPAM4w+/WjGL6gi9cIJO6w==",
        "dependencies": {
          "System.Collections.Immutable": "10.0.5",
          "System.Reflection.Metadata": "10.0.5"
        }
      },
      "Microsoft.Build.Tasks.Git": {
        "type": "Transitive",
        "resolved": "8.0.0",
        "contentHash": "bZKfSIKJRXLTuSzLudMFte/8CempWjVamNUR5eHJizsy+iuOuO/k2gnh7W0dHJmYY0tBf+gUErfluCv5mySAOQ=="
      },
      "Microsoft.SourceLink.Common": {
        "type": "Transitive",
        "resolved": "8.0.0",
        "contentHash": "dk9JPxTCIevS75HyEQ0E4OVAFhB2N+V9ShCXf8Q6FkUQZDkgLI12y679Nym1YqsiSysuQskT7Z+6nUf3yab6Vw=="
      },
      "System.Collections.Immutable": {
        "type": "Transitive",
        "resolved": "10.0.5",
        "contentHash": "nozrOKfEgfrvvswkCfxaumY68RA/x1F3ZYwtwRvva8ul91NCnUzb6MKpl5/P7u9v/nIagVL4OXXj8d007tucxw=="
      },
      "System.Reflection.Metadata": {
        "type": "Transitive",
        "resolved": "10.0.5",
        "contentHash": "fEAXJCtauNLYr5ESg3t6HE2Av6urWdJdymxZbuSt/DDqhtNtLtUtXTEpKbp0vkTdyBJwmaha8d2454vSzS/lcQ==",
        "dependencies": {
          "System.Collections.Immutable": "10.0.5"
        }
      }
    }
  }
}