{
  "version": 1,
  "dependencies": {
    "net10.0": {
      "CalqFramework.Cli": {
        "type": "Direct",
        "requested": "[0.63.1, )",
        "resolved": "0.63.1",
        "contentHash": "LLTQn8c0qpIGiBnNp0S2eQBTOJSEzhmEyx5tPxUjCgl80PjDi9l89g5mW5O++MXVpCY1AStlZbpeTfoEkc9nIg==",
        "dependencies": {
          "CalqFramework.DataAccess": "0.63.1"
        }
      },
      "Microsoft.SourceLink.GitHub": {
        "type": "Direct",
        "requested": "[8.0.0, )",
        "resolved": "8.0.0",
        "contentHash": "G5q7OqtwIyGTkeIOAc3u2ZuV/kicQaec5EaRnc0pIeSnh9LUjj+PYQrJYBURvDt7twGl2PKA7nSN0kz1Zw5bnQ==",
        "dependencies": {
          "Microsoft.Build.Tasks.Git": "8.0.0",
          "Microsoft.SourceLink.Common": "8.0.0"
        }
      },
      "CalqFramework.Cmd": {
        "type": "Transitive",
        "resolved": "0.36.0",
        "contentHash": "K726RPFMQU3yQohW6oqRmpDwSVNOcu53wRswtkjazWcEflAf49YC0ZbGNnO88cN4pwC6Uz7f/6oKSbq5MJqR8g=="
      },
      "CalqFramework.DataAccess": {
        "type": "Transitive",
        "resolved": "0.63.1",
        "contentHash": "t6oMMUL/RGPRDI1J06vEPzmPNOaIcAz4cBYFGwOzKAghqzdQr87Wdp0ZUA4bckIfrnbI1qmxPj6kEv1TEFKp5w=="
      },
      "Microsoft.Build.Tasks.Git": {
        "type": "Transitive",
        "resolved": "8.0.0",
        "contentHash": "bZKfSIKJRXLTuSzLudMFte/8CempWjVamNUR5eHJizsy+iuOuO/k2gnh7W0dHJmYY0tBf+gUErfluCv5mySAOQ=="
      },
      "Microsoft.SourceLink.Common": {
        "type": "Transitive",
        "resolved": "8.0.0",
        "contentHash": "dk9JPxTCIevS75HyEQ0E4OVAFhB2N+V9ShCXf8Q6FkUQZDkgLI12y679Nym1YqsiSysuQskT7Z+6nUf3yab6Vw=="
      },
      "System.Reflection.MetadataLoadContext": {
        "type": "Transitive",
        "resolved": "10.0.5",
        "contentHash": "z9yyFZcuCwtZXrxxDc2nBfB5lTHf96gS/rsD38Lcv6Ok25TOYPjNKlqpTZUqu2HTLPAM4w+/WjGL6gi9cIJO6w=="
      },
      "calqframework.flow": {
        "type": "Project",
        "dependencies": {
          "CalqFramework.Cmd": "[0.36.0, )",
          "System.Reflection.MetadataLoadContext": "[10.0.5, )"
        }
      }
    }
  }
}